
Microsoft Visual Studio Solution File, Format Version 12.00
# Visual Studio 15
VisualStudioVersion = 15.0.28307.438
MinimumVisualStudioVersion = 10.0.40219.1
Project("{FAE04EC0-301F-11D3-BF4B-00C04F79EFBC}") = "MyClasses", "MyClasses\MyClasses.csproj", "{AC86B7AF-A2FE-4BED-883E-97E493474FEB}"
EndProject
Project("{FAE04EC0-301F-11D3-BF4B-00C04F79EFBC}") = "MyClassesTest", "MyClassesTest\MyClassesTest.csproj", "{148E5D82-7154-4312-B64B-FDA3B12166C8}"
EndProject
Global
	GlobalSection(SolutionConfigurationPlatforms) = preSolution
		Debug|Any CPU = Debug|Any CPU
		Release|Any CPU = Release|Any CPU
	EndGlobalSection
	GlobalSection(ProjectConfigurationPlatforms) = postSolution
		{AC86B7AF-A2FE-4BED-883E-97E493474FEB}.Debug|Any CPU.ActiveCfg = Debug|Any CPU
		{AC86B7AF-A2FE-4BED-883E-97E493474FEB}.Debug|Any CPU.Build.0 = Debug|Any CPU
		{AC86B7AF-A2FE-4BED-883E-97E493474FEB}.Release|Any CPU.ActiveCfg = Release|Any CPU
		{AC86B7AF-A2FE-4BED-883E-97E493474FEB}.Release|Any CPU.Build.0 = Release|Any CPU
		{148E5D82-7154-4312-B64B-FDA3B12166C8}.Debug|Any CPU.ActiveCfg = Debug|Any CPU
		{148E5D82-7154-4312-B64B-FDA3B12166C8}.Debug|Any CPU.Build.0 = Debug|Any CPU
		{148E5D82-7154-4312-B64B-FDA3B12166C8}.Release|Any CPU.ActiveCfg = Release|Any CPU
		{148E5D82-7154-4312-B64B-FDA3B12166C8}.Release|Any CPU.Build.0 = Release|Any CPU
	EndGlobalSection
	GlobalSection(SolutionProperties) = preSolution
		HideSolutionNode = FALSE
	EndGlobalSection
	GlobalSection(ExtensibilityGlobals) = postSolution
		SolutionGuid = {70D8F5B0-E793-4BCA-872C-50FDDE38B04C}
	EndGlobalSection
EndGlobal
